
Microsoft Visual Studio Solution File, Format Version 12.00
# Visual Studio 15
VisualStudioVersion = 15.0.28307.168
MinimumVisualStudioVersion = 10.0.40219.1
Project("{FAE04EC0-301F-11D3-BF4B-00C04F79EFBC}") = "GUI", "GUI\GUI.csproj", "{72911B65-9DBD-4412-A480-886C52FA9422}"
EndProject
Project("{FAE04EC0-301F-11D3-BF4B-00C04F79EFBC}") = "Simulator", "Simulator\Simulator.csproj", "{BEE45F66-7928-4F47-BCCF-3EF360629289}"
EndProject
Project("{FAE04EC0-301F-11D3-BF4B-00C04F79EFBC}") = "UnitTests", "UnitTests\UnitTests.csproj", "{EB2E7A8F-6E36-4722-8E81-C7B1C738A44B}"
EndProject
Global
	GlobalSection(SolutionConfigurationPlatforms) = preSolution
		Debug|Any CPU = Debug|Any CPU
		Release|Any CPU = Release|Any CPU
	EndGlobalSection
	GlobalSection(ProjectConfigurationPlatforms) = postSolution
		{72911B65-9DBD-4412-A480-886C52FA9422}.Debug|Any CPU.ActiveCfg = Debug|Any CPU
		{72911B65-9DBD-4412-A480-886C52FA9422}.Debug|Any CPU.Build.0 = Debug|Any CPU
		{72911B65-9DBD-4412-A480-886C52FA9422}.Release|Any CPU.ActiveCfg = Release|Any CPU
		{72911B65-9DBD-4412-A480-886C52FA9422}.Release|Any CPU.Build.0 = Release|Any CPU
		{BEE45F66-7928-4F47-BCCF-3EF360629289}.Debug|Any CPU.ActiveCfg = Debug|Any CPU
		{BEE45F66-7928-4F47-BCCF-3EF360629289}.Debug|Any CPU.Build.0 = Debug|Any CPU
		{BEE45F66-7928-4F47-BCCF-3EF360629289}.Release|Any CPU.ActiveCfg = Release|Any CPU
		{BEE45F66-7928-4F47-BCCF-3EF360629289}.Release|Any CPU.Build.0 = Release|Any CPU
		{EB2E7A8F-6E36-4722-8E81-C7B1C738A44B}.Debug|Any CPU.ActiveCfg = Debug|Any CPU
		{EB2E7A8F-6E36-4722-8E81-C7B1C738A44B}.Debug|Any CPU.Build.0 = Debug|Any CPU
		{EB2E7A8F-6E36-4722-8E81-C7B1C738A44B}.Release|Any CPU.ActiveCfg = Release|Any CPU
		{EB2E7A8F-6E36-4722-8E81-C7B1C738A44B}.Release|Any CPU.Build.0 = Release|Any CPU
	EndGlobalSection
	GlobalSection(SolutionProperties) = preSolution
		HideSolutionNode = FALSE
	EndGlobalSection
	GlobalSection(ExtensibilityGlobals) = postSolution
		SolutionGuid = {21A9C29D-9D52-4B67-9970-3D3FE60A2D1E}
	EndGlobalSection
EndGlobal
